{
	"name": "b2ens",
	"version": "1.0.1",
	"lockfileVersion": 1,
	"requires": true,
	"dependencies": {
		"@doctormckay/stdlib": {
			"version": "1.11.2",
			"resolved": "https://registry.npmjs.org/@doctormckay/stdlib/-/stdlib-1.11.2.tgz",
			"integrity": "sha512-iuCNW9VVtu/hwfPMMiXAJXQfFMqW9SIkMYDQASnvY3JTP02RL0yhZE3IfsJKi5A7ht5HglgPKXRaMCYW4wDXVA=="
		},
		"axios": {
			"version": "0.18.1",
			"resolved": "https://registry.npmjs.org/axios/-/axios-0.18.1.tgz",
			"integrity": "sha512-0BfJq4NSfQXd+SkFdrvFbG7addhYSBA2mQwISr46pD6E5iqkWg02RAs8vyTT/j0RTnoYmeXauBuSv1qKwR179g==",
			"requires": {
				"follow-redirects": "1.5.10",
				"is-buffer": "^2.0.2"
			}
		},
		"axios-retry": {
			"version": "3.1.9",
			"resolved": "https://registry.npmjs.org/axios-retry/-/axios-retry-3.1.9.tgz",
			"integrity": "sha512-NFCoNIHq8lYkJa6ku4m+V1837TP6lCa7n79Iuf8/AqATAHYB0ISaAS1eyIenDOfHOLtym34W65Sjke2xjg2fsA==",
			"requires": {
				"is-retry-allowed": "^1.1.0"
			}
		},
		"backblaze-b2": {
			"version": "1.6.0",
			"resolved": "https://registry.npmjs.org/backblaze-b2/-/backblaze-b2-1.6.0.tgz",
			"integrity": "sha512-rFhx44PfA8btZN/YwfmDoW77Y+WVtZLj1xG9wGvigx+K2UAnliv/4xlbDYRDIAMi31BkYhKVK8VB7VK4IkeXxw==",
			"requires": {
				"axios": "^0.18.0",
				"axios-retry": "^3.1.2",
				"lodash": "^4.17.11"
			}
		},
		"debug": {
			"version": "3.1.0",
			"resolved": "https://registry.npmjs.org/debug/-/debug-3.1.0.tgz",
			"integrity": "sha512-OX8XqP7/1a9cqkxYw2yXss15f26NKWBpDXQd0/uK/KPqdQhxbPa994hnzjcE2VqQpDslf55723cKPUOGSmMY3g==",
			"requires": {
				"ms": "2.0.0"
			}
		},
		"follow-redirects": {
			"version": "1.5.10",
			"resolved": "https://registry.npmjs.org/follow-redirects/-/follow-redirects-1.5.10.tgz",
			"integrity": "sha512-0V5l4Cizzvqt5D44aTXbFZz+FtyXV1vrDN6qrelxtfYQKW0KO0W2T/hkE8xvGa/540LkZlkaUjO4ailYTFtHVQ==",
			"requires": {
				"debug": "=3.1.0"
			}
		},
		"is-buffer": {
			"version": "2.0.5",
			"resolved": "https://registry.npmjs.org/is-buffer/-/is-buffer-2.0.5.tgz",
			"integrity": "sha512-i2R6zNFDwgEHJyQUtJEk0XFi1i0dPFn/oqjK3/vPCcDeJvW5NQ83V8QbicfF1SupOaB0h8ntgBC2YiE7dfyctQ=="
		},
		"is-retry-allowed": {
			"version": "1.2.0",
			"resolved": "https://registry.npmjs.org/is-retry-allowed/-/is-retry-allowed-1.2.0.tgz",
			"integrity": "sha512-RUbUeKwvm3XG2VYamhJL1xFktgjvPzL0Hq8C+6yrWIswDy3BIXGqCxhxkc30N9jqK311gVU137K8Ei55/zVJRg=="
		},
		"lodash": {
			"version": "4.17.20",
			"resolved": "https://registry.npmjs.org/lodash/-/lodash-4.17.20.tgz",
			"integrity": "sha512-PlhdFcillOINfeV7Ni6oF1TAEayyZBoZ8bcshTHqOYJYlrqzRK5hagpagky5o4HfCzzd1TRkXPMFq6cKk9rGmA=="
		},
		"ms": {
			"version": "2.0.0",
			"resolved": "https://registry.npmjs.org/ms/-/ms-2.0.0.tgz",
			"integrity": "sha1-VgiurfwAvmwpAd9fmGF4jeDVl8g="
		}
	}
}
